// !$*UTF8*$!
{
	archiveVersion = 1;
	classes = {
	};
	objectVersion = 46;
	objects = {

/* Begin PBXBuildFile section */
		BF2B1A9C1C8C6D2800A6CDA7 /* AppDelegate.swift in Sources */ = {isa = PBXBuildFile; fileRef = BF2B1A9B1C8C6D2800A6CDA7 /* AppDelegate.swift */; };
		BF2B1A9E1C8C6D2800A6CDA7 /* ViewController.swift in Sources */ = {isa = PBXBuildFile; fileRef = BF2B1A9D1C8C6D2800A6CDA7 /* ViewController.swift */; };
		BF2B1AA11C8C6D2800A6CDA7 /* Main.storyboard in Resources */ = {isa = PBXBuildFile; fileRef = BF2B1A9F1C8C6D2800A6CDA7 /* Main.storyboard */; };
		BF2B1AA31C8C6D2800A6CDA7 /* Assets.xcassets in Resources */ = {isa = PBXBuildFile; fileRef = BF2B1AA21C8C6D2800A6CDA7 /* Assets.xcassets */; };
		BF2B1AA61C8C6D2800A6CDA7 /* LaunchScreen.storyboard in Resources */ = {isa = PBXBuildFile; fileRef = BF2B1AA41C8C6D2800A6CDA7 /* LaunchScreen.storyboard */; };
		BF4B5BDD1C919F3100C35327 /* UIImage+RoundCorner.swift in Sources */ = {isa = PBXBuildFile; fileRef = BF4B5BDC1C919F3100C35327 /* UIImage+RoundCorner.swift */; };
		BF4B5BDF1C91A0F500C35327 /* CoreGraphics.framework in Frameworks */ = {isa = PBXBuildFile; fileRef = BF4B5BDE1C91A0F500C35327 /* CoreGraphics.framework */; };
		BFF361D61C90679C00D5D153 /* test.png in Resources */ = {isa = PBXBuildFile; fileRef = BFF361D51C90679C00D5D153 /* test.png */; };
		BFF361D81C9067F100D5D153 /* VC.swift in Sources */ = {isa = PBXBuildFile; fileRef = BFF361D71C9067F100D5D153 /* VC.swift */; };
		BFF361DA1C90697900D5D153 /* VC2.swift in Sources */ = {isa = PBXBuildFile; fileRef = BFF361D91C90697900D5D153 /* VC2.swift */; };
		BFF361DD1C906BA400D5D153 /* UIView+RoundCorner.swift in Sources */ = {isa = PBXBuildFile; fileRef = BFF361DC1C906BA400D5D153 /* UIView+RoundCorner.swift */; };
/* End PBXBuildFile section */

/* Begin PBXFileReference section */
		BF2B1A981C8C6D2800A6CDA7 /* testRoundImage.app */ = {isa = PBXFileReference; explicitFileType = wrapper.application; includeInIndex = 0; path = testRoundImage.app; sourceTree = BUILT_PRODUCTS_DIR; };
		BF2B1A9B1C8C6D2800A6CDA7 /* AppDelegate.swift */ = {isa = PBXFileReference; lastKnownFileType = sourcecode.swift; path = AppDelegate.swift; sourceTree = "<group>"; };
		BF2B1A9D1C8C6D2800A6CDA7 /* ViewController.swift */ = {isa = PBXFileReference; lastKnownFileType = sourcecode.swift; path = ViewController.swift; sourceTree = "<group>"; };
		BF2B1AA01C8C6D2800A6CDA7 /* Base */ = {isa = PBXFileReference; lastKnownFileType = file.storyboard; name = Base; path = Base.lproj/Main.storyboard; sourceTree = "<group>"; };
		BF2B1AA21C8C6D2800A6CDA7 /* Assets.xcassets */ = {isa = PBXFileReference; lastKnownFileType = folder.assetcatalog; path = Assets.xcassets; sourceTree = "<group>"; };
		BF2B1AA51C8C6D2800A6CDA7 /* Base */ = {isa = PBXFileReference; lastKnownFileType = file.storyboard; name = Base; path = Base.lproj/LaunchScreen.storyboard; sourceTree = "<group>"; };
		BF2B1AA71C8C6D2800A6CDA7 /* Info.plist */ = {isa = PBXFileReference; lastKnownFileType = text.plist.xml; path = Info.plist; sourceTree = "<group>"; };
		BF4B5BDC1C919F3100C35327 /* UIImage+RoundCorner.swift */ = {isa = PBXFileReference; fileEncoding = 4; lastKnownFileType = sourcecode.swift; path = "UIImage+RoundCorner.swift"; sourceTree = "<group>"; };
		BF4B5BDE1C91A0F500C35327 /* CoreGraphics.framework */ = {isa = PBXFileReference; lastKnownFileType = wrapper.framework; name = CoreGraphics.framework; path = System/Library/Frameworks/CoreGraphics.framework; sourceTree = SDKROOT; };
		BFF361D51C90679C00D5D153 /* test.png */ = {isa = PBXFileReference; lastKnownFileType = image.png; path = test.png; sourceTree = "<group>"; };
		BFF361D71C9067F100D5D153 /* VC.swift */ = {isa = PBXFileReference; fileEncoding = 4; lastKnownFileType = sourcecode.swift; path = VC.swift; sourceTree = "<group>"; };
		BFF361D91C90697900D5D153 /* VC2.swift */ = {isa = PBXFileReference; fileEncoding = 4; lastKnownFileType = sourcecode.swift; path = VC2.swift; sourceTree = "<group>"; };
		BFF361DC1C906BA400D5D153 /* UIView+RoundCorner.swift */ = {isa = PBXFileReference; fileEncoding = 4; lastKnownFileType = sourcecode.swift; path = "UIView+RoundCorner.swift"; sourceTree = "<group>"; };
/* End PBXFileReference section */

/* Begin PBXFrameworksBuildPhase section */
		BF2B1A951C8C6D2800A6CDA7 /* Frameworks */ = {
			isa = PBXFrameworksBuildPhase;
			buildActionMask = 2147483647;
			files = (
				BF4B5BDF1C91A0F500C35327 /* CoreGraphics.framework in Frameworks */,
			);
			runOnlyForDeploymentPostprocessing = 0;
		};
/* End PBXFrameworksBuildPhase section */

/* Begin PBXGroup section */
		BF2B1A8F1C8C6D2800A6CDA7 = {
			isa = PBXGroup;
			children = (
				BF4B5BDE1C91A0F500C35327 /* CoreGraphics.framework */,
				BF2B1A9A1C8C6D2800A6CDA7 /* testRoundImage */,
				BF2B1A991C8C6D2800A6CDA7 /* Products */,
			);
			sourceTree = "<group>";
		};
		BF2B1A991C8C6D2800A6CDA7 /* Products */ = {
			isa = PBXGroup;
			children = (
				BF2B1A981C8C6D2800A6CDA7 /* testRoundImage.app */,
			);
			name = Products;
			sourceTree = "<group>";
		};
		BF2B1A9A1C8C6D2800A6CDA7 /* testRoundImage */ = {
			isa = PBXGroup;
			children = (
				BF2B1A9B1C8C6D2800A6CDA7 /* AppDelegate.swift */,
				BF2B1A9D1C8C6D2800A6CDA7 /* ViewController.swift */,
				BFF361D71C9067F100D5D153 /* VC.swift */,
				BFF361D91C90697900D5D153 /* VC2.swift */,
				BF2B1A9F1C8C6D2800A6CDA7 /* Main.storyboard */,
				BFF361D51C90679C00D5D153 /* test.png */,
				BF2B1AA21C8C6D2800A6CDA7 /* Assets.xcassets */,
				BF2B1AA41C8C6D2800A6CDA7 /* LaunchScreen.storyboard */,
				BF2B1AA71C8C6D2800A6CDA7 /* Info.plist */,
				BFF361DC1C906BA400D5D153 /* UIView+RoundCorner.swift */,
				BF4B5BDC1C919F3100C35327 /* UIImage+RoundCorner.swift */,
			);
			path = testRoundImage;
			sourceTree = "<group>";
		};
/* End PBXGroup section */

/* Begin PBXNativeTarget section */
		BF2B1A971C8C6D2800A6CDA7 /* testRoundImage */ = {
			isa = PBXNativeTarget;
			buildConfigurationList = BF2B1AAA1C8C6D2800A6CDA7 /* Build configuration list for PBXNativeTarget "testRoundImage" */;
			buildPhases = (
				BF2B1A941C8C6D2800A6CDA7 /* Sources */,
				BF2B1A951C8C6D2800A6CDA7 /* Frameworks */,
				BF2B1A961C8C6D2800A6CDA7 /* Resources */,
			);
			buildRules = (
			);
			dependencies = (
			);
			name = testRoundImage;
			productName = testRoundImage;
			productReference = BF2B1A981C8C6D2800A6CDA7 /* testRoundImage.app */;
			productType = "com.apple.product-type.application";
		};
/* End PBXNativeTarget section */

/* Begin PBXProject section */
		BF2B1A901C8C6D2800A6CDA7 /* Project object */ = {
			isa = PBXProject;
			attributes = {
				LastSwiftUpdateCheck = 0720;
				LastUpgradeCheck = 0720;
				ORGANIZATIONNAME = "火星人";
				TargetAttributes = {
					BF2B1A971C8C6D2800A6CDA7 = {
						CreatedOnToolsVersion = 7.2.1;
					};
				};
			};
			buildConfigurationList = BF2B1A931C8C6D2800A6CDA7 /* Build configuration list for PBXProject "testRoundImage" */;
			compatibilityVersion = "Xcode 3.2";
			developmentRegion = English;
			hasScannedForEncodings = 0;
			knownRegions = (
				en,
				Base,
			);
			mainGroup = BF2B1A8F1C8C6D2800A6CDA7;
			productRefGroup = BF2B1A991C8C6D2800A6CDA7 /* Products */;
			projectDirPath = "";
			projectRoot = "";
			targets = (
				BF2B1A971C8C6D2800A6CDA7 /* testRoundImage */,
			);
		};
/* End PBXProject section */

/* Begin PBXResourcesBuildPhase section */
		BF2B1A961C8C6D2800A6CDA7 /* Resources */ = {
			isa = PBXResourcesBuildPhase;
			buildActionMask = 2147483647;
			files = (
				BFF361D61C90679C00D5D153 /* test.png in Resources */,
				BF2B1AA61C8C6D2800A6CDA7 /* LaunchScreen.storyboard in Resources */,
				BF2B1AA31C8C6D2800A6CDA7 /* Assets.xcassets in Resources */,
				BF2B1AA11C8C6D2800A6CDA7 /* Main.storyboard in Resources */,
			);
			runOnlyForDeploymentPostprocessing = 0;
		};
/* End PBXResourcesBuildPhase section */

/* Begin PBXSourcesBuildPhase section */
		BF2B1A941C8C6D2800A6CDA7 /* Sources */ = {
			isa = PBXSourcesBuildPhase;
			buildActionMask = 2147483647;
			files = (
				BF4B5BDD1C919F3100C35327 /* UIImage+RoundCorner.swift in Sources */,
				BF2B1A9E1C8C6D2800A6CDA7 /* ViewController.swift in Sources */,
				BFF361DD1C906BA400D5D153 /* UIView+RoundCorner.swift in Sources */,
				BF2B1A9C1C8C6D2800A6CDA7 /* AppDelegate.swift in Sources */,
				BFF361D81C9067F100D5D153 /* VC.swift in Sources */,
				BFF361DA1C90697900D5D153 /* VC2.swift in Sources */,
			);
			runOnlyForDeploymentPostprocessing = 0;
		};
/* End PBXSourcesBuildPhase section */

/* Begin PBXVariantGroup section */
		BF2B1A9F1C8C6D2800A6CDA7 /* Main.storyboard */ = {
			isa = PBXVariantGroup;
			children = (
				BF2B1AA01C8C6D2800A6CDA7 /* Base */,
			);
			name = Main.storyboard;
			sourceTree = "<group>";
		};
		BF2B1AA41C8C6D2800A6CDA7 /* LaunchScreen.storyboard */ = {
			isa = PBXVariantGroup;
			children = (
				BF2B1AA51C8C6D2800A6CDA7 /* Base */,
			);
			name = LaunchScreen.storyboard;
			sourceTree = "<group>";
		};
/* End PBXVariantGroup section */

/* Begin XCBuildConfiguration section */
		BF2B1AA81C8C6D2800A6CDA7 /* Debug */ = {
			isa = XCBuildConfiguration;
			buildSettings = {
				ALWAYS_SEARCH_USER_PATHS = NO;
				CLANG_CXX_LANGUAGE_STANDARD = "gnu++0x";
				CLANG_CXX_LIBRARY = "libc++";
				CLANG_ENABLE_MODULES = YES;
				CLANG_ENABLE_OBJC_ARC = YES;
				CLANG_WARN_BOOL_CONVERSION = YES;
				CLANG_WARN_CONSTANT_CONVERSION = YES;
				CLANG_WARN_DIRECT_OBJC_ISA_USAGE = YES_ERROR;
				CLANG_WARN_EMPTY_BODY = YES;
				CLANG_WARN_ENUM_CONVERSION = YES;
				CLANG_WARN_INT_CONVERSION = YES;
				CLANG_WARN_OBJC_ROOT_CLASS = YES_ERROR;
				CLANG_WARN_UNREACHABLE_CODE = YES;
				CLANG_WARN__DUPLICATE_METHOD_MATCH = YES;
				"CODE_SIGN_IDENTITY[sdk=iphoneos*]" = "iPhone Developer";
				COPY_PHASE_STRIP = NO;
				DEBUG_INFORMATION_FORMAT = dwarf;
				ENABLE_STRICT_OBJC_MSGSEND = YES;
				ENABLE_TESTABILITY = YES;
				GCC_C_LANGUAGE_STANDARD = gnu99;
				GCC_DYNAMIC_NO_PIC = NO;
				GCC_NO_COMMON_BLOCKS = YES;
				GCC_OPTIMIZATION_LEVEL = 0;
				GCC_PREPROCESSOR_DEFINITIONS = (
					"DEBUG=1",
					"$(inherited)",
				);
				GCC_WARN_64_TO_32_BIT_CONVERSION = YES;
				GCC_WARN_ABOUT_RETURN_TYPE = YES_ERROR;
				GCC_WARN_UNDECLARED_SELECTOR = YES;
				GCC_WARN_UNINITIALIZED_AUTOS = YES_AGGRESSIVE;
				GCC_WARN_UNUSED_FUNCTION = YES;
				GCC_WARN_UNUSED_VARIABLE = YES;
				IPHONEOS_DEPLOYMENT_TARGET = 9.2;
				MTL_ENABLE_DEBUG_INFO = YES;
				ONLY_ACTIVE_ARCH = YES;
				SDKROOT = iphoneos;
				SWIFT_OPTIMIZATION_LEVEL = "-Onone";
				TARGETED_DEVICE_FAMILY = "1,2";
			};
			name = Debug;
		};
		BF2B1AA91C8C6D2800A6CDA7 /* Release */ = {
			isa = XCBuildConfiguration;
			buildSettings = {
				ALWAYS_SEARCH_USER_PATHS = NO;
				CLANG_CXX_LANGUAGE_STANDARD = "gnu++0x";
				CLANG_CXX_LIBRARY = "libc++";
				CLANG_ENABLE_MODULES = YES;
				CLANG_ENABLE_OBJC_ARC = YES;
				CLANG_WARN_BOOL_CONVERSION = YES;
				CLANG_WARN_CONSTANT_CONVERSION = YES;
				CLANG_WARN_DIRECT_OBJC_ISA_USAGE = YES_ERROR;
				CLANG_WARN_EMPTY_BODY = YES;
				CLANG_WARN_ENUM_CONVERSION = YES;
				CLANG_WARN_INT_CONVERSION = YES;
				CLANG_WARN_OBJC_ROOT_CLASS = YES_ERROR;
				CLANG_WARN_UNREACHABLE_CODE = YES;
				CLANG_WARN__DUPLICATE_METHOD_MATCH = YES;
				"CODE_SIGN_IDENTITY[sdk=iphoneos*]" = "iPhone Developer";
				COPY_PHASE_STRIP = NO;
				DEBUG_INFORMATION_FORMAT = "dwarf-with-dsym";
				ENABLE_NS_ASSERTIONS = NO;
				ENABLE_STRICT_OBJC_MSGSEND = YES;
				GCC_C_LANGUAGE_STANDARD = gnu99;
				GCC_NO_COMMON_BLOCKS = YES;
				GCC_WARN_64_TO_32_BIT_CONVERSION = YES;
				GCC_WARN_ABOUT_RETURN_TYPE = YES_ERROR;
				GCC_WARN_UNDECLARED_SELECTOR = YES;
				GCC_WARN_UNINITIALIZED_AUTOS = YES_AGGRESSIVE;
				GCC_WARN_UNUSED_FUNCTION = YES;
				GCC_WARN_UNUSED_VARIABLE = YES;
				IPHONEOS_DEPLOYMENT_TARGET = 9.2;
				MTL_ENABLE_DEBUG_INFO = NO;
				SDKROOT = iphoneos;
				TARGETED_DEVICE_FAMILY = "1,2";
				VALIDATE_PRODUCT = YES;
			};
			name = Release;
		};
		BF2B1AAB1C8C6D2800A6CDA7 /* Debug */ = {
			isa = XCBuildConfiguration;
			buildSettings = {
				ASSETCATALOG_COMPILER_APPICON_NAME = AppIcon;
				CLANG_ENABLE_MODULES = YES;
				INFOPLIST_FILE = testRoundImage/Info.plist;
				LD_RUNPATH_SEARCH_PATHS = "$(inherited) @executable_path/Frameworks";
				PRODUCT_BUNDLE_IDENTIFIER = hqs.testRoundImage;
				PRODUCT_NAME = "$(TARGET_NAME)";
				SWIFT_OBJC_BRIDGING_HEADER = "";
				SWIFT_OPTIMIZATION_LEVEL = "-Onone";
			};
			name = Debug;
		};
		BF2B1AAC1C8C6D2800A6CDA7 /* Release */ = {
			isa = XCBuildConfiguration;
			buildSettings = {
				ASSETCATALOG_COMPILER_APPICON_NAME = AppIcon;
				CLANG_ENABLE_MODULES = YES;
				INFOPLIST_FILE = testRoundImage/Info.plist;
				LD_RUNPATH_SEARCH_PATHS = "$(inherited) @executable_path/Frameworks";
				PRODUCT_BUNDLE_IDENTIFIER = hqs.testRoundImage;
				PRODUCT_NAME = "$(TARGET_NAME)";
				SWIFT_OBJC_BRIDGING_HEADER = "";
			};
			name = Release;
		};
/* End XCBuildConfiguration section */

/* Begin XCConfigurationList section */
		BF2B1A931C8C6D2800A6CDA7 /* Build configuration list for PBXProject "testRoundImage" */ = {
			isa = XCConfigurationList;
			buildConfigurations = (
				BF2B1AA81C8C6D2800A6CDA7 /* Debug */,
				BF2B1AA91C8C6D2800A6CDA7 /* Release */,
			);
			defaultConfigurationIsVisible = 0;
			defaultConfigurationName = Release;
		};
		BF2B1AAA1C8C6D2800A6CDA7 /* Build configuration list for PBXNativeTarget "testRoundImage" */ = {
			isa = XCConfigurationList;
			buildConfigurations = (
				BF2B1AAB1C8C6D2800A6CDA7 /* Debug */,
				BF2B1AAC1C8C6D2800A6CDA7 /* Release */,
			);
			defaultConfigurationIsVisible = 0;
			defaultConfigurationName = Release;
		};
/* End XCConfigurationList section */
	};
	rootObject = BF2B1A901C8C6D2800A6CDA7 /* Project object */;
}
